
Microsoft Visual Studio Solution File, Format Version 12.00
# Visual Studio Version 16
VisualStudioVersion = 16.0.30717.126
MinimumVisualStudioVersion = 10.0.40219.1
Project("{888888A0-9F3D-457C-B088-3A5042F75D52}") = "SLAU", "SLAU.pyproj", "{C9D6C320-02C8-45DE-AE82-EC303C32FAB2}"
EndProject
Global
	GlobalSection(SolutionConfigurationPlatforms) = preSolution
		Debug|Any CPU = Debug|Any CPU
		Release|Any CPU = Release|Any CPU
	EndGlobalSection
	GlobalSection(ProjectConfigurationPlatforms) = postSolution
		{C9D6C320-02C8-45DE-AE82-EC303C32FAB2}.Debug|Any CPU.ActiveCfg = Debug|Any CPU
		{C9D6C320-02C8-45DE-AE82-EC303C32FAB2}.Release|Any CPU.ActiveCfg = Release|Any CPU
	EndGlobalSection
	GlobalSection(SolutionProperties) = preSolution
		HideSolutionNode = FALSE
	EndGlobalSection
	GlobalSection(ExtensibilityGlobals) = postSolution
		SolutionGuid = {E5052120-DD1A-4F06-B7DA-A4E2CF5C3948}
	EndGlobalSection
EndGlobal
